
Microsoft Visual Studio Solution File, Format Version 12.00
# Visual Studio Version 17
VisualStudioVersion = 17.9.34723.18
MinimumVisualStudioVersion = 10.0.40219.1
Project("{FAE04EC0-301F-11D3-BF4B-00C04F79EFBC}") = "School_Management_System", "School_Management_System\School_Management_System.csproj", "{210EB958-DF9B-49A3-BA85-A336797DEA31}"
EndProject
Global
	GlobalSection(SolutionConfigurationPlatforms) = preSolution
		Debug|Any CPU = Debug|Any CPU
		Release|Any CPU = Release|Any CPU
	EndGlobalSection
	GlobalSection(ProjectConfigurationPlatforms) = postSolution
		{210EB958-DF9B-49A3-BA85-A336797DEA31}.Debug|Any CPU.ActiveCfg = Debug|Any CPU
		{210EB958-DF9B-49A3-BA85-A336797DEA31}.Debug|Any CPU.Build.0 = Debug|Any CPU
		{210EB958-DF9B-49A3-BA85-A336797DEA31}.Release|Any CPU.ActiveCfg = Release|Any CPU
		{210EB958-DF9B-49A3-BA85-A336797DEA31}.Release|Any CPU.Build.0 = Release|Any CPU
	EndGlobalSection
	GlobalSection(SolutionProperties) = preSolution
		HideSolutionNode = FALSE
	EndGlobalSection
	GlobalSection(ExtensibilityGlobals) = postSolution
		SolutionGuid = {46E2C933-F20A-4C36-8715-EDA2C78618BA}
	EndGlobalSection
EndGlobal
